
Microsoft Visual Studio Solution File, Format Version 12.00
# Visual Studio Version 16
VisualStudioVersion = 16.0.30011.22
MinimumVisualStudioVersion = 10.0.40219.1
Project("{9A19103F-16F7-4668-BE54-9A1E7A4F7556}") = "DotNetECoremmerce.WebMVC", "DotNetECoremmerce.WebMVC\DotNetECoremmerce.WebMVC.csproj", "{30C81298-09DE-47C5-83CF-3CCA7C2508E9}"
EndProject
Project("{FAE04EC0-301F-11D3-BF4B-00C04F79EFBC}") = "DotNetECoremmerce.Test", "DotNetECoremmerce.Test\DotNetECoremmerce.Test.csproj", "{3C323E05-45A1-4522-ADC1-5FCF21B2A9D1}"
EndProject
Project("{FAE04EC0-301F-11D3-BF4B-00C04F79EFBC}") = "DotNetECoremmerce.API", "DotNetECoremmerce.API\DotNetECoremmerce.API.csproj", "{6411678B-16FA-469D-A902-DAB83B23B4CF}"
EndProject
Global
	GlobalSection(SolutionConfigurationPlatforms) = preSolution
		Debug|Any CPU = Debug|Any CPU
		Release|Any CPU = Release|Any CPU
	EndGlobalSection
	GlobalSection(ProjectConfigurationPlatforms) = postSolution
		{30C81298-09DE-47C5-83CF-3CCA7C2508E9}.Debug|Any CPU.ActiveCfg = Debug|Any CPU
		{30C81298-09DE-47C5-83CF-3CCA7C2508E9}.Debug|Any CPU.Build.0 = Debug|Any CPU
		{30C81298-09DE-47C5-83CF-3CCA7C2508E9}.Release|Any CPU.ActiveCfg = Release|Any CPU
		{30C81298-09DE-47C5-83CF-3CCA7C2508E9}.Release|Any CPU.Build.0 = Release|Any CPU
		{3C323E05-45A1-4522-ADC1-5FCF21B2A9D1}.Debug|Any CPU.ActiveCfg = Debug|Any CPU
		{3C323E05-45A1-4522-ADC1-5FCF21B2A9D1}.Debug|Any CPU.Build.0 = Debug|Any CPU
		{3C323E05-45A1-4522-ADC1-5FCF21B2A9D1}.Release|Any CPU.ActiveCfg = Release|Any CPU
		{3C323E05-45A1-4522-ADC1-5FCF21B2A9D1}.Release|Any CPU.Build.0 = Release|Any CPU
		{6411678B-16FA-469D-A902-DAB83B23B4CF}.Debug|Any CPU.ActiveCfg = Debug|Any CPU
		{6411678B-16FA-469D-A902-DAB83B23B4CF}.Debug|Any CPU.Build.0 = Debug|Any CPU
		{6411678B-16FA-469D-A902-DAB83B23B4CF}.Release|Any CPU.ActiveCfg = Release|Any CPU
		{6411678B-16FA-469D-A902-DAB83B23B4CF}.Release|Any CPU.Build.0 = Release|Any CPU
	EndGlobalSection
	GlobalSection(SolutionProperties) = preSolution
		HideSolutionNode = FALSE
	EndGlobalSection
	GlobalSection(ExtensibilityGlobals) = postSolution
		SolutionGuid = {87429DC0-09EB-44BE-9E02-40238DD88349}
	EndGlobalSection
EndGlobal
